
Microsoft Visual Studio Solution File, Format Version 12.00
# Visual Studio Version 17
VisualStudioVersion = 17.13.35913.81 d17.13
MinimumVisualStudioVersion = 10.0.40219.1
Project("{FAE04EC0-301F-11D3-BF4B-00C04F79EFBC}") = "pr4", "pr4\pr4.csproj", "{149838C0-2C68-4FF9-8C62-EB97E51D3FDC}"
EndProject
Global
	GlobalSection(SolutionConfigurationPlatforms) = preSolution
		Debug|Any CPU = Debug|Any CPU
		Release|Any CPU = Release|Any CPU
	EndGlobalSection
	GlobalSection(ProjectConfigurationPlatforms) = postSolution
		{149838C0-2C68-4FF9-8C62-EB97E51D3FDC}.Debug|Any CPU.ActiveCfg = Debug|Any CPU
		{149838C0-2C68-4FF9-8C62-EB97E51D3FDC}.Debug|Any CPU.Build.0 = Debug|Any CPU
		{149838C0-2C68-4FF9-8C62-EB97E51D3FDC}.Release|Any CPU.ActiveCfg = Release|Any CPU
		{149838C0-2C68-4FF9-8C62-EB97E51D3FDC}.Release|Any CPU.Build.0 = Release|Any CPU
	EndGlobalSection
	GlobalSection(SolutionProperties) = preSolution
		HideSolutionNode = FALSE
	EndGlobalSection
	GlobalSection(ExtensibilityGlobals) = postSolution
		SolutionGuid = {8BDEF98E-9299-4686-9709-90A66178780B}
	EndGlobalSection
EndGlobal
